
Microsoft Visual Studio Solution File, Format Version 12.00
# Visual Studio Version 17
VisualStudioVersion = 17.9.34714.143
MinimumVisualStudioVersion = 10.0.40219.1
Project("{FAE04EC0-301F-11D3-BF4B-00C04F79EFBC}") = "M01A02A", "M01A02A\M01A02A.csproj", "{F5D7EB7F-A3E9-4215-AAE4-3FC15B42439E}"
EndProject
Project("{FAE04EC0-301F-11D3-BF4B-00C04F79EFBC}") = "M01A02B", "M01A02B\M01A02B.csproj", "{B88BB927-7E99-4B83-A67A-C8DF853DA882}"
EndProject
Project("{FAE04EC0-301F-11D3-BF4B-00C04F79EFBC}") = "M01A02C", "M01A02C\M01A02C.csproj", "{00640478-D7C1-40BE-9DED-3B7B3405B225}"
EndProject
Project("{FAE04EC0-301F-11D3-BF4B-00C04F79EFBC}") = "M01A02CE", "M01A02CE\M01A02CE.csproj", "{73764FB9-0497-4289-9A64-C3D1C76ACE6F}"
EndProject
Project("{FAE04EC0-301F-11D3-BF4B-00C04F79EFBC}") = "M01A02D", "M01A02D\M01A02D.csproj", "{ED390031-7422-402E-9F77-E96314BC454E}"
EndProject
Project("{FAE04EC0-301F-11D3-BF4B-00C04F79EFBC}") = "M01A03", "M01A03\M01A03.csproj", "{5F47F2E0-7160-48A1-8089-F1CB4CBC75A0}"
EndProject
Project("{FAE04EC0-301F-11D3-BF4B-00C04F79EFBC}") = "M01A04", "M01A04\M01A04.csproj", "{BFAFC957-5443-44CB-9C33-8C63EC973648}"
EndProject
Project("{FAE04EC0-301F-11D3-BF4B-00C04F79EFBC}") = "M01A05A", "M01A05\M01A05A.csproj", "{495D67B5-0450-4142-BFC2-746936ACF5B7}"
EndProject
Project("{FAE04EC0-301F-11D3-BF4B-00C04F79EFBC}") = "M01A05B", "M01A05B\M01A05B.csproj", "{C44A6BC7-EF7B-4972-B083-3EA5A846C3A8}"
EndProject
Project("{FAE04EC0-301F-11D3-BF4B-00C04F79EFBC}") = "M01A06", "M01A06\M01A06.csproj", "{FBC2D152-E1B5-4E1D-A33E-D2445E21174B}"
EndProject
Project("{FAE04EC0-301F-11D3-BF4B-00C04F79EFBC}") = "M01A07", "M01A07\M01A07.csproj", "{722D7E87-4705-4F56-8BA5-438841221565}"
EndProject
Project("{FAE04EC0-301F-11D3-BF4B-00C04F79EFBC}") = "M01A08a", "M01A08a\M01A08a.csproj", "{BC83EA75-B030-4B67-828F-5AC410FDDE62}"
EndProject
Project("{FAE04EC0-301F-11D3-BF4B-00C04F79EFBC}") = "M01A08C", "M01A08C\M01A08C.csproj", "{A943F6F4-FD54-4058-A86A-D13D56F39083}"
EndProject
Project("{FAE04EC0-301F-11D3-BF4B-00C04F79EFBC}") = "M01A08d", "M01A08d\M01A08d.csproj", "{B25A304F-650F-4E1F-9202-831320FDC432}"
EndProject
Project("{FAE04EC0-301F-11D3-BF4B-00C04F79EFBC}") = "M01A08e", "M01A08e\M01A08e.csproj", "{61019D66-5EF4-42B7-A3BF-E4ECE7185F39}"
EndProject
Project("{FAE04EC0-301F-11D3-BF4B-00C04F79EFBC}") = "M01A08f", "M01A08f\M01A08f.csproj", "{249F800B-39B7-4C16-A6B8-932CDAE6E412}"
EndProject
Project("{FAE04EC0-301F-11D3-BF4B-00C04F79EFBC}") = "M01A08g", "M01A08g\M01A08g.csproj", "{0A813809-554C-4120-A534-C8C52794DCF1}"
EndProject
Project("{FAE04EC0-301F-11D3-BF4B-00C04F79EFBC}") = "M01A09", "M01A09\M01A09.csproj", "{34F8D635-8D1E-4FDE-BA95-5529D497A8F8}"
EndProject
Project("{FAE04EC0-301F-11D3-BF4B-00C04F79EFBC}") = "M01A10", "M01A10\M01A10.csproj", "{995CA974-34F9-4C81-A0D5-7D0D36C32399}"
EndProject
Project("{FAE04EC0-301F-11D3-BF4B-00C04F79EFBC}") = "M01A11A", "M01A11A\M01A11A.csproj", "{341F8E7C-2F7D-44D0-8ECB-F12FBE80982C}"
EndProject
Project("{FAE04EC0-301F-11D3-BF4B-00C04F79EFBC}") = "M01A11b", "M01A11b\M01A11b.csproj", "{15D42626-43C1-403F-BA2B-996D0E2DD669}"
EndProject
Project("{FAE04EC0-301F-11D3-BF4B-00C04F79EFBC}") = "M01A12AA", "M01A12AA\M01A12AA.csproj", "{8EC87525-E5D2-41C0-BE6F-8C61526D04A5}"
EndProject
Project("{FAE04EC0-301F-11D3-BF4B-00C04F79EFBC}") = "M01A12bbb", "M01A12bbb\M01A12bbb.csproj", "{43E97021-C051-42A9-985F-2750A7E743B6}"
EndProject
Project("{FAE04EC0-301F-11D3-BF4B-00C04F79EFBC}") = "M01A12C", "M01A12C\M01A12C.csproj", "{77603FF3-B70B-4788-810C-F221279A8CA3}"
EndProject
Project("{FAE04EC0-301F-11D3-BF4B-00C04F79EFBC}") = "M01A13A", "M01A13A\M01A13A.csproj", "{3D243DB1-57EE-4C85-86F7-2787C4D6ED9D}"
EndProject
Project("{FAE04EC0-301F-11D3-BF4B-00C04F79EFBC}") = "M01E01", "M01E01\M01E01.csproj", "{34725962-9DA7-4173-9ED1-BB4056A8503D}"
EndProject
Project("{FAE04EC0-301F-11D3-BF4B-00C04F79EFBC}") = "M01E02", "M01E02\M01E02.csproj", "{91E4672F-A6C0-4803-84D9-E3CCB4F00474}"
EndProject
Project("{FAE04EC0-301F-11D3-BF4B-00C04F79EFBC}") = "M01E03", "M01E03\M01E03.csproj", "{9DF18447-8D5C-4B0B-9BBC-57598ADDF54D}"
EndProject
Project("{FAE04EC0-301F-11D3-BF4B-00C04F79EFBC}") = "M01E04", "M01E04\M01E04.csproj", "{1F87F90A-C650-44D9-BB0E-504778D4C936}"
EndProject
Project("{FAE04EC0-301F-11D3-BF4B-00C04F79EFBC}") = "M01E05", "M01E05\M01E05.csproj", "{4F7007DD-2BCA-4E58-9F93-DAAB12588B1A}"
EndProject
Global
	GlobalSection(SolutionConfigurationPlatforms) = preSolution
		Debug|Any CPU = Debug|Any CPU
		Release|Any CPU = Release|Any CPU
	EndGlobalSection
	GlobalSection(ProjectConfigurationPlatforms) = postSolution
		{F5D7EB7F-A3E9-4215-AAE4-3FC15B42439E}.Debug|Any CPU.ActiveCfg = Debug|Any CPU
		{F5D7EB7F-A3E9-4215-AAE4-3FC15B42439E}.Debug|Any CPU.Build.0 = Debug|Any CPU
		{F5D7EB7F-A3E9-4215-AAE4-3FC15B42439E}.Release|Any CPU.ActiveCfg = Release|Any CPU
		{F5D7EB7F-A3E9-4215-AAE4-3FC15B42439E}.Release|Any CPU.Build.0 = Release|Any CPU
		{B88BB927-7E99-4B83-A67A-C8DF853DA882}.Debug|Any CPU.ActiveCfg = Debug|Any CPU
		{B88BB927-7E99-4B83-A67A-C8DF853DA882}.Debug|Any CPU.Build.0 = Debug|Any CPU
		{B88BB927-7E99-4B83-A67A-C8DF853DA882}.Release|Any CPU.ActiveCfg = Release|Any CPU
		{B88BB927-7E99-4B83-A67A-C8DF853DA882}.Release|Any CPU.Build.0 = Release|Any CPU
		{00640478-D7C1-40BE-9DED-3B7B3405B225}.Debug|Any CPU.ActiveCfg = Debug|Any CPU
		{00640478-D7C1-40BE-9DED-3B7B3405B225}.Debug|Any CPU.Build.0 = Debug|Any CPU
		{00640478-D7C1-40BE-9DED-3B7B3405B225}.Release|Any CPU.ActiveCfg = Release|Any CPU
		{00640478-D7C1-40BE-9DED-3B7B3405B225}.Release|Any CPU.Build.0 = Release|Any CPU
		{73764FB9-0497-4289-9A64-C3D1C76ACE6F}.Debug|Any CPU.ActiveCfg = Debug|Any CPU
		{73764FB9-0497-4289-9A64-C3D1C76ACE6F}.Debug|Any CPU.Build.0 = Debug|Any CPU
		{73764FB9-0497-4289-9A64-C3D1C76ACE6F}.Release|Any CPU.ActiveCfg = Release|Any CPU
		{73764FB9-0497-4289-9A64-C3D1C76ACE6F}.Release|Any CPU.Build.0 = Release|Any CPU
		{ED390031-7422-402E-9F77-E96314BC454E}.Debug|Any CPU.ActiveCfg = Debug|Any CPU
		{ED390031-7422-402E-9F77-E96314BC454E}.Debug|Any CPU.Build.0 = Debug|Any CPU
		{ED390031-7422-402E-9F77-E96314BC454E}.Release|Any CPU.ActiveCfg = Release|Any CPU
		{ED390031-7422-402E-9F77-E96314BC454E}.Release|Any CPU.Build.0 = Release|Any CPU
		{5F47F2E0-7160-48A1-8089-F1CB4CBC75A0}.Debug|Any CPU.ActiveCfg = Debug|Any CPU
		{5F47F2E0-7160-48A1-8089-F1CB4CBC75A0}.Debug|Any CPU.Build.0 = Debug|Any CPU
		{5F47F2E0-7160-48A1-8089-F1CB4CBC75A0}.Release|Any CPU.ActiveCfg = Release|Any CPU
		{5F47F2E0-7160-48A1-8089-F1CB4CBC75A0}.Release|Any CPU.Build.0 = Release|Any CPU
		{BFAFC957-5443-44CB-9C33-8C63EC973648}.Debug|Any CPU.ActiveCfg = Debug|Any CPU
		{BFAFC957-5443-44CB-9C33-8C63EC973648}.Debug|Any CPU.Build.0 = Debug|Any CPU
		{BFAFC957-5443-44CB-9C33-8C63EC973648}.Release|Any CPU.ActiveCfg = Release|Any CPU
		{BFAFC957-5443-44CB-9C33-8C63EC973648}.Release|Any CPU.Build.0 = Release|Any CPU
		{495D67B5-0450-4142-BFC2-746936ACF5B7}.Debug|Any CPU.ActiveCfg = Debug|Any CPU
		{495D67B5-0450-4142-BFC2-746936ACF5B7}.Debug|Any CPU.Build.0 = Debug|Any CPU
		{495D67B5-0450-4142-BFC2-746936ACF5B7}.Release|Any CPU.ActiveCfg = Release|Any CPU
		{495D67B5-0450-4142-BFC2-746936ACF5B7}.Release|Any CPU.Build.0 = Release|Any CPU
		{C44A6BC7-EF7B-4972-B083-3EA5A846C3A8}.Debug|Any CPU.ActiveCfg = Debug|Any CPU
		{C44A6BC7-EF7B-4972-B083-3EA5A846C3A8}.Debug|Any CPU.Build.0 = Debug|Any CPU
		{C44A6BC7-EF7B-4972-B083-3EA5A846C3A8}.Release|Any CPU.ActiveCfg = Release|Any CPU
		{C44A6BC7-EF7B-4972-B083-3EA5A846C3A8}.Release|Any CPU.Build.0 = Release|Any CPU
		{FBC2D152-E1B5-4E1D-A33E-D2445E21174B}.Debug|Any CPU.ActiveCfg = Debug|Any CPU
		{FBC2D152-E1B5-4E1D-A33E-D2445E21174B}.Debug|Any CPU.Build.0 = Debug|Any CPU
		{FBC2D152-E1B5-4E1D-A33E-D2445E21174B}.Release|Any CPU.ActiveCfg = Release|Any CPU
		{FBC2D152-E1B5-4E1D-A33E-D2445E21174B}.Release|Any CPU.Build.0 = Release|Any CPU
		{722D7E87-4705-4F56-8BA5-438841221565}.Debug|Any CPU.ActiveCfg = Debug|Any CPU
		{722D7E87-4705-4F56-8BA5-438841221565}.Debug|Any CPU.Build.0 = Debug|Any CPU
		{722D7E87-4705-4F56-8BA5-438841221565}.Release|Any CPU.ActiveCfg = Release|Any CPU
		{722D7E87-4705-4F56-8BA5-438841221565}.Release|Any CPU.Build.0 = Release|Any CPU
		{BC83EA75-B030-4B67-828F-5AC410FDDE62}.Debug|Any CPU.ActiveCfg = Debug|Any CPU
		{BC83EA75-B030-4B67-828F-5AC410FDDE62}.Debug|Any CPU.Build.0 = Debug|Any CPU
		{BC83EA75-B030-4B67-828F-5AC410FDDE62}.Release|Any CPU.ActiveCfg = Release|Any CPU
		{BC83EA75-B030-4B67-828F-5AC410FDDE62}.Release|Any CPU.Build.0 = Release|Any CPU
		{A943F6F4-FD54-4058-A86A-D13D56F39083}.Debug|Any CPU.ActiveCfg = Debug|Any CPU
		{A943F6F4-FD54-4058-A86A-D13D56F39083}.Debug|Any CPU.Build.0 = Debug|Any CPU
		{A943F6F4-FD54-4058-A86A-D13D56F39083}.Release|Any CPU.ActiveCfg = Release|Any CPU
		{A943F6F4-FD54-4058-A86A-D13D56F39083}.Release|Any CPU.Build.0 = Release|Any CPU
		{B25A304F-650F-4E1F-9202-831320FDC432}.Debug|Any CPU.ActiveCfg = Debug|Any CPU
		{B25A304F-650F-4E1F-9202-831320FDC432}.Debug|Any CPU.Build.0 = Debug|Any CPU
		{B25A304F-650F-4E1F-9202-831320FDC432}.Release|Any CPU.ActiveCfg = Release|Any CPU
		{B25A304F-650F-4E1F-9202-831320FDC432}.Release|Any CPU.Build.0 = Release|Any CPU
		{61019D66-5EF4-42B7-A3BF-E4ECE7185F39}.Debug|Any CPU.ActiveCfg = Debug|Any CPU
		{61019D66-5EF4-42B7-A3BF-E4ECE7185F39}.Debug|Any CPU.Build.0 = Debug|Any CPU
		{61019D66-5EF4-42B7-A3BF-E4ECE7185F39}.Release|Any CPU.ActiveCfg = Release|Any CPU
		{61019D66-5EF4-42B7-A3BF-E4ECE7185F39}.Release|Any CPU.Build.0 = Release|Any CPU
		{249F800B-39B7-4C16-A6B8-932CDAE6E412}.Debug|Any CPU.ActiveCfg = Debug|Any CPU
		{249F800B-39B7-4C16-A6B8-932CDAE6E412}.Debug|Any CPU.Build.0 = Debug|Any CPU
		{249F800B-39B7-4C16-A6B8-932CDAE6E412}.Release|Any CPU.ActiveCfg = Release|Any CPU
		{249F800B-39B7-4C16-A6B8-932CDAE6E412}.Release|Any CPU.Build.0 = Release|Any CPU
		{0A813809-554C-4120-A534-C8C52794DCF1}.Debug|Any CPU.ActiveCfg = Debug|Any CPU
		{0A813809-554C-4120-A534-C8C52794DCF1}.Debug|Any CPU.Build.0 = Debug|Any CPU
		{0A813809-554C-4120-A534-C8C52794DCF1}.Release|Any CPU.ActiveCfg = Release|Any CPU
		{0A813809-554C-4120-A534-C8C52794DCF1}.Release|Any CPU.Build.0 = Release|Any CPU
		{34F8D635-8D1E-4FDE-BA95-5529D497A8F8}.Debug|Any CPU.ActiveCfg = Debug|Any CPU
		{34F8D635-8D1E-4FDE-BA95-5529D497A8F8}.Debug|Any CPU.Build.0 = Debug|Any CPU
		{34F8D635-8D1E-4FDE-BA95-5529D497A8F8}.Release|Any CPU.ActiveCfg = Release|Any CPU
		{34F8D635-8D1E-4FDE-BA95-5529D497A8F8}.Release|Any CPU.Build.0 = Release|Any CPU
		{995CA974-34F9-4C81-A0D5-7D0D36C32399}.Debug|Any CPU.ActiveCfg = Debug|Any CPU
		{995CA974-34F9-4C81-A0D5-7D0D36C32399}.Debug|Any CPU.Build.0 = Debug|Any CPU
		{995CA974-34F9-4C81-A0D5-7D0D36C32399}.Release|Any CPU.ActiveCfg = Release|Any CPU
		{995CA974-34F9-4C81-A0D5-7D0D36C32399}.Release|Any CPU.Build.0 = Release|Any CPU
		{341F8E7C-2F7D-44D0-8ECB-F12FBE80982C}.Debug|Any CPU.ActiveCfg = Debug|Any CPU
		{341F8E7C-2F7D-44D0-8ECB-F12FBE80982C}.Debug|Any CPU.Build.0 = Debug|Any CPU
		{341F8E7C-2F7D-44D0-8ECB-F12FBE80982C}.Release|Any CPU.ActiveCfg = Release|Any CPU
		{341F8E7C-2F7D-44D0-8ECB-F12FBE80982C}.Release|Any CPU.Build.0 = Release|Any CPU
		{15D42626-43C1-403F-BA2B-996D0E2DD669}.Debug|Any CPU.ActiveCfg = Debug|Any CPU
		{15D42626-43C1-403F-BA2B-996D0E2DD669}.Debug|Any CPU.Build.0 = Debug|Any CPU
		{15D42626-43C1-403F-BA2B-996D0E2DD669}.Release|Any CPU.ActiveCfg = Release|Any CPU
		{15D42626-43C1-403F-BA2B-996D0E2DD669}.Release|Any CPU.Build.0 = Release|Any CPU
		{8EC87525-E5D2-41C0-BE6F-8C61526D04A5}.Debug|Any CPU.ActiveCfg = Debug|Any CPU
		{8EC87525-E5D2-41C0-BE6F-8C61526D04A5}.Debug|Any CPU.Build.0 = Debug|Any CPU
		{8EC87525-E5D2-41C0-BE6F-8C61526D04A5}.Release|Any CPU.ActiveCfg = Release|Any CPU
		{8EC87525-E5D2-41C0-BE6F-8C61526D04A5}.Release|Any CPU.Build.0 = Release|Any CPU
		{43E97021-C051-42A9-985F-2750A7E743B6}.Debug|Any CPU.ActiveCfg = Debug|Any CPU
		{43E97021-C051-42A9-985F-2750A7E743B6}.Debug|Any CPU.Build.0 = Debug|Any CPU
		{43E97021-C051-42A9-985F-2750A7E743B6}.Release|Any CPU.ActiveCfg = Release|Any CPU
		{43E97021-C051-42A9-985F-2750A7E743B6}.Release|Any CPU.Build.0 = Release|Any CPU
		{77603FF3-B70B-4788-810C-F221279A8CA3}.Debug|Any CPU.ActiveCfg = Debug|Any CPU
		{77603FF3-B70B-4788-810C-F221279A8CA3}.Debug|Any CPU.Build.0 = Debug|Any CPU
		{77603FF3-B70B-4788-810C-F221279A8CA3}.Release|Any CPU.ActiveCfg = Release|Any CPU
		{77603FF3-B70B-4788-810C-F221279A8CA3}.Release|Any CPU.Build.0 = Release|Any CPU
		{3D243DB1-57EE-4C85-86F7-2787C4D6ED9D}.Debug|Any CPU.ActiveCfg = Debug|Any CPU
		{3D243DB1-57EE-4C85-86F7-2787C4D6ED9D}.Debug|Any CPU.Build.0 = Debug|Any CPU
		{3D243DB1-57EE-4C85-86F7-2787C4D6ED9D}.Release|Any CPU.ActiveCfg = Release|Any CPU
		{3D243DB1-57EE-4C85-86F7-2787C4D6ED9D}.Release|Any CPU.Build.0 = Release|Any CPU
		{34725962-9DA7-4173-9ED1-BB4056A8503D}.Debug|Any CPU.ActiveCfg = Debug|Any CPU
		{34725962-9DA7-4173-9ED1-BB4056A8503D}.Debug|Any CPU.Build.0 = Debug|Any CPU
		{34725962-9DA7-4173-9ED1-BB4056A8503D}.Release|Any CPU.ActiveCfg = Release|Any CPU
		{34725962-9DA7-4173-9ED1-BB4056A8503D}.Release|Any CPU.Build.0 = Release|Any CPU
		{91E4672F-A6C0-4803-84D9-E3CCB4F00474}.Debug|Any CPU.ActiveCfg = Debug|Any CPU
		{91E4672F-A6C0-4803-84D9-E3CCB4F00474}.Debug|Any CPU.Build.0 = Debug|Any CPU
		{91E4672F-A6C0-4803-84D9-E3CCB4F00474}.Release|Any CPU.ActiveCfg = Release|Any CPU
		{91E4672F-A6C0-4803-84D9-E3CCB4F00474}.Release|Any CPU.Build.0 = Release|Any CPU
		{9DF18447-8D5C-4B0B-9BBC-57598ADDF54D}.Debug|Any CPU.ActiveCfg = Debug|Any CPU
		{9DF18447-8D5C-4B0B-9BBC-57598ADDF54D}.Debug|Any CPU.Build.0 = Debug|Any CPU
		{9DF18447-8D5C-4B0B-9BBC-57598ADDF54D}.Release|Any CPU.ActiveCfg = Release|Any CPU
		{9DF18447-8D5C-4B0B-9BBC-57598ADDF54D}.Release|Any CPU.Build.0 = Release|Any CPU
		{1F87F90A-C650-44D9-BB0E-504778D4C936}.Debug|Any CPU.ActiveCfg = Debug|Any CPU
		{1F87F90A-C650-44D9-BB0E-504778D4C936}.Debug|Any CPU.Build.0 = Debug|Any CPU
		{1F87F90A-C650-44D9-BB0E-504778D4C936}.Release|Any CPU.ActiveCfg = Release|Any CPU
		{1F87F90A-C650-44D9-BB0E-504778D4C936}.Release|Any CPU.Build.0 = Release|Any CPU
		{4F7007DD-2BCA-4E58-9F93-DAAB12588B1A}.Debug|Any CPU.ActiveCfg = Debug|Any CPU
		{4F7007DD-2BCA-4E58-9F93-DAAB12588B1A}.Debug|Any CPU.Build.0 = Debug|Any CPU
		{4F7007DD-2BCA-4E58-9F93-DAAB12588B1A}.Release|Any CPU.ActiveCfg = Release|Any CPU
		{4F7007DD-2BCA-4E58-9F93-DAAB12588B1A}.Release|Any CPU.Build.0 = Release|Any CPU
	EndGlobalSection
	GlobalSection(SolutionProperties) = preSolution
		HideSolutionNode = FALSE
	EndGlobalSection
	GlobalSection(ExtensibilityGlobals) = postSolution
		SolutionGuid = {05DD72C3-143B-4784-9D6B-A909C0A5D977}
	EndGlobalSection
EndGlobal
