
Microsoft Visual Studio Solution File, Format Version 12.00
# Visual Studio Version 17
VisualStudioVersion = 17.9.34714.143
MinimumVisualStudioVersion = 10.0.40219.1
Project("{FAE04EC0-301F-11D3-BF4B-00C04F79EFBC}") = "M01A02A", "M01A02A\M01A02A.csproj", "{F5D7EB7F-A3E9-4215-AAE4-3FC15B42439E}"
EndProject
Project("{FAE04EC0-301F-11D3-BF4B-00C04F79EFBC}") = "M01A02B", "M01A02B\M01A02B.csproj", "{B88BB927-7E99-4B83-A67A-C8DF853DA882}"
EndProject
Project("{FAE04EC0-301F-11D3-BF4B-00C04F79EFBC}") = "M01A02C", "M01A02C\M01A02C.csproj", "{00640478-D7C1-40BE-9DED-3B7B3405B225}"
EndProject
Project("{FAE04EC0-301F-11D3-BF4B-00C04F79EFBC}") = "M01A02CE", "M01A02CE\M01A02CE.csproj", "{73764FB9-0497-4289-9A64-C3D1C76ACE6F}"
EndProject
Project("{FAE04EC0-301F-11D3-BF4B-00C04F79EFBC}") = "M01A02D", "M01A02D\M01A02D.csproj", "{ED390031-7422-402E-9F77-E96314BC454E}"
EndProject
Project("{FAE04EC0-301F-11D3-BF4B-00C04F79EFBC}") = "M01A03", "M01A03\M01A03.csproj", "{5F47F2E0-7160-48A1-8089-F1CB4CBC75A0}"
EndProject
Project("{FAE04EC0-301F-11D3-BF4B-00C04F79EFBC}") = "M01A04", "M01A04\M01A04.csproj", "{BFAFC957-5443-44CB-9C33-8C63EC973648}"
EndProject
Project("{FAE04EC0-301F-11D3-BF4B-00C04F79EFBC}") = "M01A05A", "M01A05\M01A05A.csproj", "{495D67B5-0450-4142-BFC2-746936ACF5B7}"
EndProject
Project("{FAE04EC0-301F-11D3-BF4B-00C04F79EFBC}") = "M01A05B", "M01A05B\M01A05B.csproj", "{C44A6BC7-EF7B-4972-B083-3EA5A846C3A8}"
EndProject
Project("{FAE04EC0-301F-11D3-BF4B-00C04F79EFBC}") = "M01A06", "M01A06\M01A06.csproj", "{FBC2D152-E1B5-4E1D-A33E-D2445E21174B}"
EndProject
Project("{FAE04EC0-301F-11D3-BF4B-00C04F79EFBC}") = "M01A07", "M01A07\M01A07.csproj", "{722D7E87-4705-4F56-8BA5-438841221565}"
EndProject
Project("{FAE04EC0-301F-11D3-BF4B-00C04F79EFBC}") = "M01A08a", "M01A08a\M01A08a.csproj", "{BC83EA75-B030-4B67-828F-5AC410FDDE62}"
EndProject
Project("{FAE04EC0-301F-11D3-BF4B-00C04F79EFBC}") = "M01A08C", "M01A08C\M01A08C.csproj", "{A943F6F4-FD54-4058-A86A-D13D56F39083}"
EndProject
Project("{FAE04EC0-301F-11D3-BF4B-00C04F79EFBC}") = "M01A08d", "M01A08d\M01A08d.csproj", "{B25A304F-650F-4E1F-9202-831320FDC432}"
EndProject
Project("{FAE04EC0-301F-11D3-BF4B-00C04F79EFBC}") = "M01A08e", "M01A08e\M01A08e.csproj", "{61019D66-5EF4-42B7-A3BF-E4ECE7185F39}"
EndProject
Project("{FAE04EC0-301F-11D3-BF4B-00C04F79EFBC}") = "M01A08f", "M01A08f\M01A08f.csproj", "{249F800B-39B7-4C16-A6B8-932CDAE6E412}"
EndProject
Project("{FAE04EC0-301F-11D3-BF4B-00C04F79EFBC}") = "M01A08g", "M01A08g\M01A08g.csproj", "{0A813809-554C-4120-A534-C8C52794DCF1}"
EndProject
Project("{FAE04EC0-301F-11D3-BF4B-00C04F79EFBC}") = "M01A09", "M01A09\M01A09.csproj", "{34F8D635-8D1E-4FDE-BA95-5529D497A8F8}"
EndProject
Project("{FAE04EC0-301F-11D3-BF4B-00C04F79EFBC}") = "M01A10", "M01A10\M01A10.csproj", "{995CA974-34F9-4C81-A0D5-7D0D36C32399}"
EndProject
Project("{FAE04EC0-301F-11D3-BF4B-00C04F79EFBC}") = "M01A11A", "M01A11A\M01A11A.csproj", "{341F8E7C-2F7D-44D0-8ECB-F12FBE80982C}"
EndProject
Project("{FAE04EC0-301F-11D3-BF4B-00C04F79EFBC}") = "M01A11b", "M01A11b\M01A11b.csproj", "{15D42626-43C1-403F-BA2B-996D0E2DD669}"
EndProject
Project("{FAE04EC0-301F-11D3-BF4B-00C04F79EFBC}") = "M01A12AA", "M01A12AA\M01A12AA.csproj", "{8EC87525-E5D2-41C0-BE6F-8C61526D04A5}"
EndProject
Project("{FAE04EC0-301F-11D3-BF4B-00C04F79EFBC}") = "M01A12bbb", "M01A12bbb\M01A12bbb.csproj", "{43E97021-C051-42A9-985F-2750A7E743B6}"
EndProject
Project("{FAE04EC0-301F-11D3-BF4B-00C04F79EFBC}") = "M01A12C", "M01A12C\M01A12C.csproj", "{77603FF3-B70B-4788-810C-F221279A8CA3}"
EndProject
Project("{FAE04EC0-301F-11D3-BF4B-00C04F79EFBC}") = "M01A13A", "M01A13A\M01A13A.csproj", "{3D243DB1-57EE-4C85-86F7-2787C4D6ED9D}"
EndProject
Project("{FAE04EC0-301F-11D3-BF4B-00C04F79EFBC}") = "M01E01", "M01E01\M01E01.csproj", "{34725962-9DA7-4173-9ED1-BB4056A8503D}"
EndProject
Project("{FAE04EC0-301F-11D3-BF4B-00C04F79EFBC}") = "M01E02", "M01E02\M01E02.csproj", "{91E4672F-A6C0-4803-84D9-E3CCB4F00474}"
EndProject
Project("{FAE04EC0-301F-11D3-BF4B-00C04F79EFBC}") = "M01E03", "M01E03\M01E03.csproj", "{9DF18447-8D5C-4B0B-9BBC-57598ADDF54D}"
EndProject
Project("{FAE04EC0-301F-11D3-BF4B-00C04F79EFBC}") = "M01E04", "M01E04\M01E04.csproj", "{1F87F90A-C650-44D9-BB0E-504778D4C936}"
EndProject
Project("{FAE04EC0-301F-11D3-BF4B-00C04F79EFBC}") = "M01E05", "M01E05\M01E05.csproj", "{4F7007DD-2BCA-4E58-9F93-DAAB12588B1A}"
EndProject
Project("{FAE04EC0-301F-11D3-BF4B-00C04F79EFBC}") = "M01E06_", "M01E06_\M01E06_.csproj", "{F005F93F-77D9-48A9-A3EB-BBBF3ECD0648}"
EndProject
Project("{FAE04EC0-301F-11D3-BF4B-00C04F79EFBC}") = "M01E07", "M01E07\M01E07.csproj", "{C1C65322-9A1F-4545-93A2-DDE9198A2EBB}"
EndProject
Project("{FAE04EC0-301F-11D3-BF4B-00C04F79EFBC}") = "M01E08", "M01E08\M01E08.csproj", "{03CE10AB-38FD-4C43-A45B-2802288ADF98}"
EndProject
Project("{FAE04EC0-301F-11D3-BF4B-00C04F79EFBC}") = "M01E09", "M01E09\M01E09.csproj", "{62AE79AF-EC31-43A8-B1A1-3A77CD7D92D6}"
EndProject
Project("{FAE04EC0-301F-11D3-BF4B-00C04F79EFBC}") = "test01", "test01\test01.csproj", "{D48C6556-EE4C-45DC-A94F-CEAA49E45F03}"
EndProject
Project("{FAE04EC0-301F-11D3-BF4B-00C04F79EFBC}") = "M02A01", "M02A01\M02A01.csproj", "{8757BE6B-8153-40B7-95D3-D3E9848E355C}"
EndProject
Project("{FAE04EC0-301F-11D3-BF4B-00C04F79EFBC}") = "M02A07", "M02A07\M02A07.csproj", "{D03B5E8B-D5D9-436F-8E94-EB00F6AF0F20}"
EndProject
Project("{FAE04EC0-301F-11D3-BF4B-00C04F79EFBC}") = "M02A09", "M02A09\M02A09.csproj", "{F4C51FAB-DEAD-4340-9EED-D6E9C8555202}"
EndProject
Project("{FAE04EC0-301F-11D3-BF4B-00C04F79EFBC}") = "M02A10", "M02A10\M02A10.csproj", "{55A7B498-290D-455B-9F4C-04BC22C977C1}"
EndProject
Project("{FAE04EC0-301F-11D3-BF4B-00C04F79EFBC}") = "M02A10A", "M02A10A\M02A10A.csproj", "{EC4E5796-DEFA-4EAD-9782-4C6AB9A80DC8}"
EndProject
Project("{FAE04EC0-301F-11D3-BF4B-00C04F79EFBC}") = "M02A11", "M02A11\M02A11.csproj", "{CAA29DB2-0B2E-4A2A-AC80-3C1A81537B3E}"
EndProject
Project("{FAE04EC0-301F-11D3-BF4B-00C04F79EFBC}") = "M02A11A", "M02A11A\M02A11A.csproj", "{344A30EC-250E-456B-AE32-95442ABCDB1D}"
EndProject
Project("{FAE04EC0-301F-11D3-BF4B-00C04F79EFBC}") = "M02A12", "M02A12\M02A12.csproj", "{C16B7FC3-CE9B-4A60-B90C-AA7B9CB54EF6}"
EndProject
Project("{FAE04EC0-301F-11D3-BF4B-00C04F79EFBC}") = "M02A15", "M02A15\M02A15.csproj", "{DC6BAAD7-F93E-4C2A-9334-1336FF20BB04}"
EndProject
Project("{FAE04EC0-301F-11D3-BF4B-00C04F79EFBC}") = "e_mail_send", "e_mail_send\e_mail_send.csproj", "{5E7FDC19-16EE-4EB2-923F-3E02FB1759B5}"
EndProject
Project("{FAE04EC0-301F-11D3-BF4B-00C04F79EFBC}") = "e_mail_2", "e_mail_2\e_mail_2.csproj", "{468BF721-7196-4C94-BC6D-5E216E5B188A}"
EndProject
Project("{FAE04EC0-301F-11D3-BF4B-00C04F79EFBC}") = "M02Ex11", "M02Ex11\M02Ex11.csproj", "{3EF8C2DD-3C90-4F17-9974-696CD92589E9}"
EndProject
Project("{FAE04EC0-301F-11D3-BF4B-00C04F79EFBC}") = "email_3", "email_3\email_3.csproj", "{79F96AC1-9434-4C31-A4CF-12CD21EF8EB2}"
EndProject
Project("{FAE04EC0-301F-11D3-BF4B-00C04F79EFBC}") = "fullstackweb_course", "fullstackweb_course\fullstackweb_course.csproj", "{5DDF3278-7670-4891-A349-C000822930C2}"
EndProject
Project("{FAE04EC0-301F-11D3-BF4B-00C04F79EFBC}") = "fullstackcourse_2", "fullstackcourse_2\fullstackcourse_2.csproj", "{4731BF9F-D5F7-459D-9399-011E087BF532}"
EndProject
Project("{FAE04EC0-301F-11D3-BF4B-00C04F79EFBC}") = "fullstackcourse_3", "fullstackcourse_3\fullstackcourse_3.csproj", "{0F47492E-B0B2-4E2F-98A4-067162D0D4D3}"
EndProject
Project("{FAE04EC0-301F-11D3-BF4B-00C04F79EFBC}") = "M02ex13", "M02ex13\M02ex13.csproj", "{9A89A7E7-C87B-4366-A6F3-9E5EECD67C4A}"
EndProject
Project("{FAE04EC0-301F-11D3-BF4B-00C04F79EFBC}") = "null_", "null_\null_.csproj", "{3EE6C9B8-2622-4896-B36C-27EFDEF90CBA}"
EndProject
Project("{FAE04EC0-301F-11D3-BF4B-00C04F79EFBC}") = "course_for", "course_for\course_for.csproj", "{F38A3D40-474E-4787-906C-64C529536CC7}"
EndProject
Project("{FAE04EC0-301F-11D3-BF4B-00C04F79EFBC}") = "course_foreach", "course_foreach\course_foreach.csproj", "{E56C3F82-34FF-42FD-AE54-3E629229F079}"
EndProject
Project("{FAE04EC0-301F-11D3-BF4B-00C04F79EFBC}") = "course_break", "course_break\course_break.csproj", "{F5F83012-971B-4923-8779-FC944B8323AA}"
EndProject
Project("{FAE04EC0-301F-11D3-BF4B-00C04F79EFBC}") = "WindowsFormsApp1", "WindowsFormsApp1\WindowsFormsApp1.csproj", "{B085B121-F6EC-4477-9FEB-BE4B9EABE997}"
EndProject
Project("{FAE04EC0-301F-11D3-BF4B-00C04F79EFBC}") = "methods", "methods\methods.csproj", "{A76BE28A-69A2-48B1-8377-76E3D58216C9}"
EndProject
Project("{FAE04EC0-301F-11D3-BF4B-00C04F79EFBC}") = "Classes", "Classes\Classes.csproj", "{9ACB5956-1E45-4C34-AE42-1077FF2A6430}"
EndProject
Project("{FAE04EC0-301F-11D3-BF4B-00C04F79EFBC}") = "colections", "colections\colections.csproj", "{CB4AB364-BC4E-4E47-9652-A6909A20B884}"
EndProject
Project("{FAE04EC0-301F-11D3-BF4B-00C04F79EFBC}") = "while", "while\while.csproj", "{2F9F805A-7BC8-463E-B295-80C1836AE18A}"
EndProject
Project("{FAE04EC0-301F-11D3-BF4B-00C04F79EFBC}") = "ClassesObjetos", "ClassesObjetos\ClassesObjetos.csproj", "{4F784A42-1A48-473F-8D40-EE283940BCDC}"
EndProject
Project("{FAE04EC0-301F-11D3-BF4B-00C04F79EFBC}") = "MetodosDasClasses", "MetodosDasClasses\MetodosDasClasses.csproj", "{541611E4-239D-42D7-B504-8BA98ADC678D}"
EndProject
Project("{FAE04EC0-301F-11D3-BF4B-00C04F79EFBC}") = "TermoThis", "this\TermoThis.csproj", "{718E3788-A39D-431F-8D2D-F8E79E92FBD5}"
EndProject
Project("{FAE04EC0-301F-11D3-BF4B-00C04F79EFBC}") = "TipoDelegate", "TipoDelegate\TipoDelegate.csproj", "{736D881C-1648-491C-9ACD-CA3A3A90F946}"
EndProject
Project("{FAE04EC0-301F-11D3-BF4B-00C04F79EFBC}") = "MetodoConstrutor", "MetodoConstrutor\MetodoConstrutor.csproj", "{2392BFEA-7BBA-407F-8ECE-B48A526E43F3}"
EndProject
Project("{FAE04EC0-301F-11D3-BF4B-00C04F79EFBC}") = "Estaticas", "Estaticas\Estaticas.csproj", "{E0456879-C724-4BC0-8059-BD5F306422FB}"
EndProject
Project("{FAE04EC0-301F-11D3-BF4B-00C04F79EFBC}") = "Propriedades", "Propriedades\Propriedades.csproj", "{E8B2D69B-A2E1-4D3F-AB6F-1E36277B5195}"
EndProject
Project("{FAE04EC0-301F-11D3-BF4B-00C04F79EFBC}") = "Encapsular", "Encapsular\Encapsular.csproj", "{250FC818-106A-492B-A97E-18360BE870F0}"
EndProject
Project("{FAE04EC0-301F-11D3-BF4B-00C04F79EFBC}") = "Heranca", "Heranca\Heranca.csproj", "{B1A2E071-559A-4813-A177-C0A88F0AB42C}"
EndProject
Global
	GlobalSection(SolutionConfigurationPlatforms) = preSolution
		Debug|Any CPU = Debug|Any CPU
		Release|Any CPU = Release|Any CPU
	EndGlobalSection
	GlobalSection(ProjectConfigurationPlatforms) = postSolution
		{F5D7EB7F-A3E9-4215-AAE4-3FC15B42439E}.Debug|Any CPU.ActiveCfg = Debug|Any CPU
		{F5D7EB7F-A3E9-4215-AAE4-3FC15B42439E}.Debug|Any CPU.Build.0 = Debug|Any CPU
		{F5D7EB7F-A3E9-4215-AAE4-3FC15B42439E}.Release|Any CPU.ActiveCfg = Release|Any CPU
		{F5D7EB7F-A3E9-4215-AAE4-3FC15B42439E}.Release|Any CPU.Build.0 = Release|Any CPU
		{B88BB927-7E99-4B83-A67A-C8DF853DA882}.Debug|Any CPU.ActiveCfg = Debug|Any CPU
		{B88BB927-7E99-4B83-A67A-C8DF853DA882}.Debug|Any CPU.Build.0 = Debug|Any CPU
		{B88BB927-7E99-4B83-A67A-C8DF853DA882}.Release|Any CPU.ActiveCfg = Release|Any CPU
		{B88BB927-7E99-4B83-A67A-C8DF853DA882}.Release|Any CPU.Build.0 = Release|Any CPU
		{00640478-D7C1-40BE-9DED-3B7B3405B225}.Debug|Any CPU.ActiveCfg = Debug|Any CPU
		{00640478-D7C1-40BE-9DED-3B7B3405B225}.Debug|Any CPU.Build.0 = Debug|Any CPU
		{00640478-D7C1-40BE-9DED-3B7B3405B225}.Release|Any CPU.ActiveCfg = Release|Any CPU
		{00640478-D7C1-40BE-9DED-3B7B3405B225}.Release|Any CPU.Build.0 = Release|Any CPU
		{73764FB9-0497-4289-9A64-C3D1C76ACE6F}.Debug|Any CPU.ActiveCfg = Debug|Any CPU
		{73764FB9-0497-4289-9A64-C3D1C76ACE6F}.Debug|Any CPU.Build.0 = Debug|Any CPU
		{73764FB9-0497-4289-9A64-C3D1C76ACE6F}.Release|Any CPU.ActiveCfg = Release|Any CPU
		{73764FB9-0497-4289-9A64-C3D1C76ACE6F}.Release|Any CPU.Build.0 = Release|Any CPU
		{ED390031-7422-402E-9F77-E96314BC454E}.Debug|Any CPU.ActiveCfg = Debug|Any CPU
		{ED390031-7422-402E-9F77-E96314BC454E}.Debug|Any CPU.Build.0 = Debug|Any CPU
		{ED390031-7422-402E-9F77-E96314BC454E}.Release|Any CPU.ActiveCfg = Release|Any CPU
		{ED390031-7422-402E-9F77-E96314BC454E}.Release|Any CPU.Build.0 = Release|Any CPU
		{5F47F2E0-7160-48A1-8089-F1CB4CBC75A0}.Debug|Any CPU.ActiveCfg = Debug|Any CPU
		{5F47F2E0-7160-48A1-8089-F1CB4CBC75A0}.Debug|Any CPU.Build.0 = Debug|Any CPU
		{5F47F2E0-7160-48A1-8089-F1CB4CBC75A0}.Release|Any CPU.ActiveCfg = Release|Any CPU
		{5F47F2E0-7160-48A1-8089-F1CB4CBC75A0}.Release|Any CPU.Build.0 = Release|Any CPU
		{BFAFC957-5443-44CB-9C33-8C63EC973648}.Debug|Any CPU.ActiveCfg = Debug|Any CPU
		{BFAFC957-5443-44CB-9C33-8C63EC973648}.Debug|Any CPU.Build.0 = Debug|Any CPU
		{BFAFC957-5443-44CB-9C33-8C63EC973648}.Release|Any CPU.ActiveCfg = Release|Any CPU
		{BFAFC957-5443-44CB-9C33-8C63EC973648}.Release|Any CPU.Build.0 = Release|Any CPU
		{495D67B5-0450-4142-BFC2-746936ACF5B7}.Debug|Any CPU.ActiveCfg = Debug|Any CPU
		{495D67B5-0450-4142-BFC2-746936ACF5B7}.Debug|Any CPU.Build.0 = Debug|Any CPU
		{495D67B5-0450-4142-BFC2-746936ACF5B7}.Release|Any CPU.ActiveCfg = Release|Any CPU
		{495D67B5-0450-4142-BFC2-746936ACF5B7}.Release|Any CPU.Build.0 = Release|Any CPU
		{C44A6BC7-EF7B-4972-B083-3EA5A846C3A8}.Debug|Any CPU.ActiveCfg = Debug|Any CPU
		{C44A6BC7-EF7B-4972-B083-3EA5A846C3A8}.Debug|Any CPU.Build.0 = Debug|Any CPU
		{C44A6BC7-EF7B-4972-B083-3EA5A846C3A8}.Release|Any CPU.ActiveCfg = Release|Any CPU
		{C44A6BC7-EF7B-4972-B083-3EA5A846C3A8}.Release|Any CPU.Build.0 = Release|Any CPU
		{FBC2D152-E1B5-4E1D-A33E-D2445E21174B}.Debug|Any CPU.ActiveCfg = Debug|Any CPU
		{FBC2D152-E1B5-4E1D-A33E-D2445E21174B}.Debug|Any CPU.Build.0 = Debug|Any CPU
		{FBC2D152-E1B5-4E1D-A33E-D2445E21174B}.Release|Any CPU.ActiveCfg = Release|Any CPU
		{FBC2D152-E1B5-4E1D-A33E-D2445E21174B}.Release|Any CPU.Build.0 = Release|Any CPU
		{722D7E87-4705-4F56-8BA5-438841221565}.Debug|Any CPU.ActiveCfg = Debug|Any CPU
		{722D7E87-4705-4F56-8BA5-438841221565}.Debug|Any CPU.Build.0 = Debug|Any CPU
		{722D7E87-4705-4F56-8BA5-438841221565}.Release|Any CPU.ActiveCfg = Release|Any CPU
		{722D7E87-4705-4F56-8BA5-438841221565}.Release|Any CPU.Build.0 = Release|Any CPU
		{BC83EA75-B030-4B67-828F-5AC410FDDE62}.Debug|Any CPU.ActiveCfg = Debug|Any CPU
		{BC83EA75-B030-4B67-828F-5AC410FDDE62}.Debug|Any CPU.Build.0 = Debug|Any CPU
		{BC83EA75-B030-4B67-828F-5AC410FDDE62}.Release|Any CPU.ActiveCfg = Release|Any CPU
		{BC83EA75-B030-4B67-828F-5AC410FDDE62}.Release|Any CPU.Build.0 = Release|Any CPU
		{A943F6F4-FD54-4058-A86A-D13D56F39083}.Debug|Any CPU.ActiveCfg = Debug|Any CPU
		{A943F6F4-FD54-4058-A86A-D13D56F39083}.Debug|Any CPU.Build.0 = Debug|Any CPU
		{A943F6F4-FD54-4058-A86A-D13D56F39083}.Release|Any CPU.ActiveCfg = Release|Any CPU
		{A943F6F4-FD54-4058-A86A-D13D56F39083}.Release|Any CPU.Build.0 = Release|Any CPU
		{B25A304F-650F-4E1F-9202-831320FDC432}.Debug|Any CPU.ActiveCfg = Debug|Any CPU
		{B25A304F-650F-4E1F-9202-831320FDC432}.Debug|Any CPU.Build.0 = Debug|Any CPU
		{B25A304F-650F-4E1F-9202-831320FDC432}.Release|Any CPU.ActiveCfg = Release|Any CPU
		{B25A304F-650F-4E1F-9202-831320FDC432}.Release|Any CPU.Build.0 = Release|Any CPU
		{61019D66-5EF4-42B7-A3BF-E4ECE7185F39}.Debug|Any CPU.ActiveCfg = Debug|Any CPU
		{61019D66-5EF4-42B7-A3BF-E4ECE7185F39}.Debug|Any CPU.Build.0 = Debug|Any CPU
		{61019D66-5EF4-42B7-A3BF-E4ECE7185F39}.Release|Any CPU.ActiveCfg = Release|Any CPU
		{61019D66-5EF4-42B7-A3BF-E4ECE7185F39}.Release|Any CPU.Build.0 = Release|Any CPU
		{249F800B-39B7-4C16-A6B8-932CDAE6E412}.Debug|Any CPU.ActiveCfg = Debug|Any CPU
		{249F800B-39B7-4C16-A6B8-932CDAE6E412}.Debug|Any CPU.Build.0 = Debug|Any CPU
		{249F800B-39B7-4C16-A6B8-932CDAE6E412}.Release|Any CPU.ActiveCfg = Release|Any CPU
		{249F800B-39B7-4C16-A6B8-932CDAE6E412}.Release|Any CPU.Build.0 = Release|Any CPU
		{0A813809-554C-4120-A534-C8C52794DCF1}.Debug|Any CPU.ActiveCfg = Debug|Any CPU
		{0A813809-554C-4120-A534-C8C52794DCF1}.Debug|Any CPU.Build.0 = Debug|Any CPU
		{0A813809-554C-4120-A534-C8C52794DCF1}.Release|Any CPU.ActiveCfg = Release|Any CPU
		{0A813809-554C-4120-A534-C8C52794DCF1}.Release|Any CPU.Build.0 = Release|Any CPU
		{34F8D635-8D1E-4FDE-BA95-5529D497A8F8}.Debug|Any CPU.ActiveCfg = Debug|Any CPU
		{34F8D635-8D1E-4FDE-BA95-5529D497A8F8}.Debug|Any CPU.Build.0 = Debug|Any CPU
		{34F8D635-8D1E-4FDE-BA95-5529D497A8F8}.Release|Any CPU.ActiveCfg = Release|Any CPU
		{34F8D635-8D1E-4FDE-BA95-5529D497A8F8}.Release|Any CPU.Build.0 = Release|Any CPU
		{995CA974-34F9-4C81-A0D5-7D0D36C32399}.Debug|Any CPU.ActiveCfg = Debug|Any CPU
		{995CA974-34F9-4C81-A0D5-7D0D36C32399}.Debug|Any CPU.Build.0 = Debug|Any CPU
		{995CA974-34F9-4C81-A0D5-7D0D36C32399}.Release|Any CPU.ActiveCfg = Release|Any CPU
		{995CA974-34F9-4C81-A0D5-7D0D36C32399}.Release|Any CPU.Build.0 = Release|Any CPU
		{341F8E7C-2F7D-44D0-8ECB-F12FBE80982C}.Debug|Any CPU.ActiveCfg = Debug|Any CPU
		{341F8E7C-2F7D-44D0-8ECB-F12FBE80982C}.Debug|Any CPU.Build.0 = Debug|Any CPU
		{341F8E7C-2F7D-44D0-8ECB-F12FBE80982C}.Release|Any CPU.ActiveCfg = Release|Any CPU
		{341F8E7C-2F7D-44D0-8ECB-F12FBE80982C}.Release|Any CPU.Build.0 = Release|Any CPU
		{15D42626-43C1-403F-BA2B-996D0E2DD669}.Debug|Any CPU.ActiveCfg = Debug|Any CPU
		{15D42626-43C1-403F-BA2B-996D0E2DD669}.Debug|Any CPU.Build.0 = Debug|Any CPU
		{15D42626-43C1-403F-BA2B-996D0E2DD669}.Release|Any CPU.ActiveCfg = Release|Any CPU
		{15D42626-43C1-403F-BA2B-996D0E2DD669}.Release|Any CPU.Build.0 = Release|Any CPU
		{8EC87525-E5D2-41C0-BE6F-8C61526D04A5}.Debug|Any CPU.ActiveCfg = Debug|Any CPU
		{8EC87525-E5D2-41C0-BE6F-8C61526D04A5}.Debug|Any CPU.Build.0 = Debug|Any CPU
		{8EC87525-E5D2-41C0-BE6F-8C61526D04A5}.Release|Any CPU.ActiveCfg = Release|Any CPU
		{8EC87525-E5D2-41C0-BE6F-8C61526D04A5}.Release|Any CPU.Build.0 = Release|Any CPU
		{43E97021-C051-42A9-985F-2750A7E743B6}.Debug|Any CPU.ActiveCfg = Debug|Any CPU
		{43E97021-C051-42A9-985F-2750A7E743B6}.Debug|Any CPU.Build.0 = Debug|Any CPU
		{43E97021-C051-42A9-985F-2750A7E743B6}.Release|Any CPU.ActiveCfg = Release|Any CPU
		{43E97021-C051-42A9-985F-2750A7E743B6}.Release|Any CPU.Build.0 = Release|Any CPU
		{77603FF3-B70B-4788-810C-F221279A8CA3}.Debug|Any CPU.ActiveCfg = Debug|Any CPU
		{77603FF3-B70B-4788-810C-F221279A8CA3}.Debug|Any CPU.Build.0 = Debug|Any CPU
		{77603FF3-B70B-4788-810C-F221279A8CA3}.Release|Any CPU.ActiveCfg = Release|Any CPU
		{77603FF3-B70B-4788-810C-F221279A8CA3}.Release|Any CPU.Build.0 = Release|Any CPU
		{3D243DB1-57EE-4C85-86F7-2787C4D6ED9D}.Debug|Any CPU.ActiveCfg = Debug|Any CPU
		{3D243DB1-57EE-4C85-86F7-2787C4D6ED9D}.Debug|Any CPU.Build.0 = Debug|Any CPU
		{3D243DB1-57EE-4C85-86F7-2787C4D6ED9D}.Release|Any CPU.ActiveCfg = Release|Any CPU
		{3D243DB1-57EE-4C85-86F7-2787C4D6ED9D}.Release|Any CPU.Build.0 = Release|Any CPU
		{34725962-9DA7-4173-9ED1-BB4056A8503D}.Debug|Any CPU.ActiveCfg = Debug|Any CPU
		{34725962-9DA7-4173-9ED1-BB4056A8503D}.Debug|Any CPU.Build.0 = Debug|Any CPU
		{34725962-9DA7-4173-9ED1-BB4056A8503D}.Release|Any CPU.ActiveCfg = Release|Any CPU
		{34725962-9DA7-4173-9ED1-BB4056A8503D}.Release|Any CPU.Build.0 = Release|Any CPU
		{91E4672F-A6C0-4803-84D9-E3CCB4F00474}.Debug|Any CPU.ActiveCfg = Debug|Any CPU
		{91E4672F-A6C0-4803-84D9-E3CCB4F00474}.Debug|Any CPU.Build.0 = Debug|Any CPU
		{91E4672F-A6C0-4803-84D9-E3CCB4F00474}.Release|Any CPU.ActiveCfg = Release|Any CPU
		{91E4672F-A6C0-4803-84D9-E3CCB4F00474}.Release|Any CPU.Build.0 = Release|Any CPU
		{9DF18447-8D5C-4B0B-9BBC-57598ADDF54D}.Debug|Any CPU.ActiveCfg = Debug|Any CPU
		{9DF18447-8D5C-4B0B-9BBC-57598ADDF54D}.Debug|Any CPU.Build.0 = Debug|Any CPU
		{9DF18447-8D5C-4B0B-9BBC-57598ADDF54D}.Release|Any CPU.ActiveCfg = Release|Any CPU
		{9DF18447-8D5C-4B0B-9BBC-57598ADDF54D}.Release|Any CPU.Build.0 = Release|Any CPU
		{1F87F90A-C650-44D9-BB0E-504778D4C936}.Debug|Any CPU.ActiveCfg = Debug|Any CPU
		{1F87F90A-C650-44D9-BB0E-504778D4C936}.Debug|Any CPU.Build.0 = Debug|Any CPU
		{1F87F90A-C650-44D9-BB0E-504778D4C936}.Release|Any CPU.ActiveCfg = Release|Any CPU
		{1F87F90A-C650-44D9-BB0E-504778D4C936}.Release|Any CPU.Build.0 = Release|Any CPU
		{4F7007DD-2BCA-4E58-9F93-DAAB12588B1A}.Debug|Any CPU.ActiveCfg = Debug|Any CPU
		{4F7007DD-2BCA-4E58-9F93-DAAB12588B1A}.Debug|Any CPU.Build.0 = Debug|Any CPU
		{4F7007DD-2BCA-4E58-9F93-DAAB12588B1A}.Release|Any CPU.ActiveCfg = Release|Any CPU
		{4F7007DD-2BCA-4E58-9F93-DAAB12588B1A}.Release|Any CPU.Build.0 = Release|Any CPU
		{F005F93F-77D9-48A9-A3EB-BBBF3ECD0648}.Debug|Any CPU.ActiveCfg = Debug|Any CPU
		{F005F93F-77D9-48A9-A3EB-BBBF3ECD0648}.Debug|Any CPU.Build.0 = Debug|Any CPU
		{F005F93F-77D9-48A9-A3EB-BBBF3ECD0648}.Release|Any CPU.ActiveCfg = Release|Any CPU
		{F005F93F-77D9-48A9-A3EB-BBBF3ECD0648}.Release|Any CPU.Build.0 = Release|Any CPU
		{C1C65322-9A1F-4545-93A2-DDE9198A2EBB}.Debug|Any CPU.ActiveCfg = Debug|Any CPU
		{C1C65322-9A1F-4545-93A2-DDE9198A2EBB}.Debug|Any CPU.Build.0 = Debug|Any CPU
		{C1C65322-9A1F-4545-93A2-DDE9198A2EBB}.Release|Any CPU.ActiveCfg = Release|Any CPU
		{C1C65322-9A1F-4545-93A2-DDE9198A2EBB}.Release|Any CPU.Build.0 = Release|Any CPU
		{03CE10AB-38FD-4C43-A45B-2802288ADF98}.Debug|Any CPU.ActiveCfg = Debug|Any CPU
		{03CE10AB-38FD-4C43-A45B-2802288ADF98}.Debug|Any CPU.Build.0 = Debug|Any CPU
		{03CE10AB-38FD-4C43-A45B-2802288ADF98}.Release|Any CPU.ActiveCfg = Release|Any CPU
		{03CE10AB-38FD-4C43-A45B-2802288ADF98}.Release|Any CPU.Build.0 = Release|Any CPU
		{62AE79AF-EC31-43A8-B1A1-3A77CD7D92D6}.Debug|Any CPU.ActiveCfg = Debug|Any CPU
		{62AE79AF-EC31-43A8-B1A1-3A77CD7D92D6}.Debug|Any CPU.Build.0 = Debug|Any CPU
		{62AE79AF-EC31-43A8-B1A1-3A77CD7D92D6}.Release|Any CPU.ActiveCfg = Release|Any CPU
		{62AE79AF-EC31-43A8-B1A1-3A77CD7D92D6}.Release|Any CPU.Build.0 = Release|Any CPU
		{D48C6556-EE4C-45DC-A94F-CEAA49E45F03}.Debug|Any CPU.ActiveCfg = Debug|Any CPU
		{D48C6556-EE4C-45DC-A94F-CEAA49E45F03}.Debug|Any CPU.Build.0 = Debug|Any CPU
		{D48C6556-EE4C-45DC-A94F-CEAA49E45F03}.Release|Any CPU.ActiveCfg = Release|Any CPU
		{D48C6556-EE4C-45DC-A94F-CEAA49E45F03}.Release|Any CPU.Build.0 = Release|Any CPU
		{8757BE6B-8153-40B7-95D3-D3E9848E355C}.Debug|Any CPU.ActiveCfg = Debug|Any CPU
		{8757BE6B-8153-40B7-95D3-D3E9848E355C}.Debug|Any CPU.Build.0 = Debug|Any CPU
		{8757BE6B-8153-40B7-95D3-D3E9848E355C}.Release|Any CPU.ActiveCfg = Release|Any CPU
		{8757BE6B-8153-40B7-95D3-D3E9848E355C}.Release|Any CPU.Build.0 = Release|Any CPU
		{D03B5E8B-D5D9-436F-8E94-EB00F6AF0F20}.Debug|Any CPU.ActiveCfg = Debug|Any CPU
		{D03B5E8B-D5D9-436F-8E94-EB00F6AF0F20}.Debug|Any CPU.Build.0 = Debug|Any CPU
		{D03B5E8B-D5D9-436F-8E94-EB00F6AF0F20}.Release|Any CPU.ActiveCfg = Release|Any CPU
		{D03B5E8B-D5D9-436F-8E94-EB00F6AF0F20}.Release|Any CPU.Build.0 = Release|Any CPU
		{F4C51FAB-DEAD-4340-9EED-D6E9C8555202}.Debug|Any CPU.ActiveCfg = Debug|Any CPU
		{F4C51FAB-DEAD-4340-9EED-D6E9C8555202}.Debug|Any CPU.Build.0 = Debug|Any CPU
		{F4C51FAB-DEAD-4340-9EED-D6E9C8555202}.Release|Any CPU.ActiveCfg = Release|Any CPU
		{F4C51FAB-DEAD-4340-9EED-D6E9C8555202}.Release|Any CPU.Build.0 = Release|Any CPU
		{55A7B498-290D-455B-9F4C-04BC22C977C1}.Debug|Any CPU.ActiveCfg = Debug|Any CPU
		{55A7B498-290D-455B-9F4C-04BC22C977C1}.Debug|Any CPU.Build.0 = Debug|Any CPU
		{55A7B498-290D-455B-9F4C-04BC22C977C1}.Release|Any CPU.ActiveCfg = Release|Any CPU
		{55A7B498-290D-455B-9F4C-04BC22C977C1}.Release|Any CPU.Build.0 = Release|Any CPU
		{EC4E5796-DEFA-4EAD-9782-4C6AB9A80DC8}.Debug|Any CPU.ActiveCfg = Debug|Any CPU
		{EC4E5796-DEFA-4EAD-9782-4C6AB9A80DC8}.Debug|Any CPU.Build.0 = Debug|Any CPU
		{EC4E5796-DEFA-4EAD-9782-4C6AB9A80DC8}.Release|Any CPU.ActiveCfg = Release|Any CPU
		{EC4E5796-DEFA-4EAD-9782-4C6AB9A80DC8}.Release|Any CPU.Build.0 = Release|Any CPU
		{CAA29DB2-0B2E-4A2A-AC80-3C1A81537B3E}.Debug|Any CPU.ActiveCfg = Debug|Any CPU
		{CAA29DB2-0B2E-4A2A-AC80-3C1A81537B3E}.Debug|Any CPU.Build.0 = Debug|Any CPU
		{CAA29DB2-0B2E-4A2A-AC80-3C1A81537B3E}.Release|Any CPU.ActiveCfg = Release|Any CPU
		{CAA29DB2-0B2E-4A2A-AC80-3C1A81537B3E}.Release|Any CPU.Build.0 = Release|Any CPU
		{344A30EC-250E-456B-AE32-95442ABCDB1D}.Debug|Any CPU.ActiveCfg = Debug|Any CPU
		{344A30EC-250E-456B-AE32-95442ABCDB1D}.Debug|Any CPU.Build.0 = Debug|Any CPU
		{344A30EC-250E-456B-AE32-95442ABCDB1D}.Release|Any CPU.ActiveCfg = Release|Any CPU
		{344A30EC-250E-456B-AE32-95442ABCDB1D}.Release|Any CPU.Build.0 = Release|Any CPU
		{C16B7FC3-CE9B-4A60-B90C-AA7B9CB54EF6}.Debug|Any CPU.ActiveCfg = Debug|Any CPU
		{C16B7FC3-CE9B-4A60-B90C-AA7B9CB54EF6}.Debug|Any CPU.Build.0 = Debug|Any CPU
		{C16B7FC3-CE9B-4A60-B90C-AA7B9CB54EF6}.Release|Any CPU.ActiveCfg = Release|Any CPU
		{C16B7FC3-CE9B-4A60-B90C-AA7B9CB54EF6}.Release|Any CPU.Build.0 = Release|Any CPU
		{DC6BAAD7-F93E-4C2A-9334-1336FF20BB04}.Debug|Any CPU.ActiveCfg = Debug|Any CPU
		{DC6BAAD7-F93E-4C2A-9334-1336FF20BB04}.Debug|Any CPU.Build.0 = Debug|Any CPU
		{DC6BAAD7-F93E-4C2A-9334-1336FF20BB04}.Release|Any CPU.ActiveCfg = Release|Any CPU
		{DC6BAAD7-F93E-4C2A-9334-1336FF20BB04}.Release|Any CPU.Build.0 = Release|Any CPU
		{5E7FDC19-16EE-4EB2-923F-3E02FB1759B5}.Debug|Any CPU.ActiveCfg = Debug|Any CPU
		{5E7FDC19-16EE-4EB2-923F-3E02FB1759B5}.Debug|Any CPU.Build.0 = Debug|Any CPU
		{5E7FDC19-16EE-4EB2-923F-3E02FB1759B5}.Release|Any CPU.ActiveCfg = Release|Any CPU
		{5E7FDC19-16EE-4EB2-923F-3E02FB1759B5}.Release|Any CPU.Build.0 = Release|Any CPU
		{468BF721-7196-4C94-BC6D-5E216E5B188A}.Debug|Any CPU.ActiveCfg = Debug|Any CPU
		{468BF721-7196-4C94-BC6D-5E216E5B188A}.Debug|Any CPU.Build.0 = Debug|Any CPU
		{468BF721-7196-4C94-BC6D-5E216E5B188A}.Release|Any CPU.ActiveCfg = Release|Any CPU
		{468BF721-7196-4C94-BC6D-5E216E5B188A}.Release|Any CPU.Build.0 = Release|Any CPU
		{3EF8C2DD-3C90-4F17-9974-696CD92589E9}.Debug|Any CPU.ActiveCfg = Debug|Any CPU
		{3EF8C2DD-3C90-4F17-9974-696CD92589E9}.Debug|Any CPU.Build.0 = Debug|Any CPU
		{3EF8C2DD-3C90-4F17-9974-696CD92589E9}.Release|Any CPU.ActiveCfg = Release|Any CPU
		{3EF8C2DD-3C90-4F17-9974-696CD92589E9}.Release|Any CPU.Build.0 = Release|Any CPU
		{79F96AC1-9434-4C31-A4CF-12CD21EF8EB2}.Debug|Any CPU.ActiveCfg = Debug|Any CPU
		{79F96AC1-9434-4C31-A4CF-12CD21EF8EB2}.Debug|Any CPU.Build.0 = Debug|Any CPU
		{79F96AC1-9434-4C31-A4CF-12CD21EF8EB2}.Release|Any CPU.ActiveCfg = Release|Any CPU
		{79F96AC1-9434-4C31-A4CF-12CD21EF8EB2}.Release|Any CPU.Build.0 = Release|Any CPU
		{5DDF3278-7670-4891-A349-C000822930C2}.Debug|Any CPU.ActiveCfg = Debug|Any CPU
		{5DDF3278-7670-4891-A349-C000822930C2}.Debug|Any CPU.Build.0 = Debug|Any CPU
		{5DDF3278-7670-4891-A349-C000822930C2}.Release|Any CPU.ActiveCfg = Release|Any CPU
		{5DDF3278-7670-4891-A349-C000822930C2}.Release|Any CPU.Build.0 = Release|Any CPU
		{4731BF9F-D5F7-459D-9399-011E087BF532}.Debug|Any CPU.ActiveCfg = Debug|Any CPU
		{4731BF9F-D5F7-459D-9399-011E087BF532}.Debug|Any CPU.Build.0 = Debug|Any CPU
		{4731BF9F-D5F7-459D-9399-011E087BF532}.Release|Any CPU.ActiveCfg = Release|Any CPU
		{4731BF9F-D5F7-459D-9399-011E087BF532}.Release|Any CPU.Build.0 = Release|Any CPU
		{0F47492E-B0B2-4E2F-98A4-067162D0D4D3}.Debug|Any CPU.ActiveCfg = Debug|Any CPU
		{0F47492E-B0B2-4E2F-98A4-067162D0D4D3}.Debug|Any CPU.Build.0 = Debug|Any CPU
		{0F47492E-B0B2-4E2F-98A4-067162D0D4D3}.Release|Any CPU.ActiveCfg = Release|Any CPU
		{0F47492E-B0B2-4E2F-98A4-067162D0D4D3}.Release|Any CPU.Build.0 = Release|Any CPU
		{9A89A7E7-C87B-4366-A6F3-9E5EECD67C4A}.Debug|Any CPU.ActiveCfg = Debug|Any CPU
		{9A89A7E7-C87B-4366-A6F3-9E5EECD67C4A}.Debug|Any CPU.Build.0 = Debug|Any CPU
		{9A89A7E7-C87B-4366-A6F3-9E5EECD67C4A}.Release|Any CPU.ActiveCfg = Release|Any CPU
		{9A89A7E7-C87B-4366-A6F3-9E5EECD67C4A}.Release|Any CPU.Build.0 = Release|Any CPU
		{3EE6C9B8-2622-4896-B36C-27EFDEF90CBA}.Debug|Any CPU.ActiveCfg = Debug|Any CPU
		{3EE6C9B8-2622-4896-B36C-27EFDEF90CBA}.Debug|Any CPU.Build.0 = Debug|Any CPU
		{3EE6C9B8-2622-4896-B36C-27EFDEF90CBA}.Release|Any CPU.ActiveCfg = Release|Any CPU
		{3EE6C9B8-2622-4896-B36C-27EFDEF90CBA}.Release|Any CPU.Build.0 = Release|Any CPU
		{F38A3D40-474E-4787-906C-64C529536CC7}.Debug|Any CPU.ActiveCfg = Debug|Any CPU
		{F38A3D40-474E-4787-906C-64C529536CC7}.Debug|Any CPU.Build.0 = Debug|Any CPU
		{F38A3D40-474E-4787-906C-64C529536CC7}.Release|Any CPU.ActiveCfg = Release|Any CPU
		{F38A3D40-474E-4787-906C-64C529536CC7}.Release|Any CPU.Build.0 = Release|Any CPU
		{E56C3F82-34FF-42FD-AE54-3E629229F079}.Debug|Any CPU.ActiveCfg = Debug|Any CPU
		{E56C3F82-34FF-42FD-AE54-3E629229F079}.Debug|Any CPU.Build.0 = Debug|Any CPU
		{E56C3F82-34FF-42FD-AE54-3E629229F079}.Release|Any CPU.ActiveCfg = Release|Any CPU
		{E56C3F82-34FF-42FD-AE54-3E629229F079}.Release|Any CPU.Build.0 = Release|Any CPU
		{F5F83012-971B-4923-8779-FC944B8323AA}.Debug|Any CPU.ActiveCfg = Debug|Any CPU
		{F5F83012-971B-4923-8779-FC944B8323AA}.Debug|Any CPU.Build.0 = Debug|Any CPU
		{F5F83012-971B-4923-8779-FC944B8323AA}.Release|Any CPU.ActiveCfg = Release|Any CPU
		{F5F83012-971B-4923-8779-FC944B8323AA}.Release|Any CPU.Build.0 = Release|Any CPU
		{B085B121-F6EC-4477-9FEB-BE4B9EABE997}.Debug|Any CPU.ActiveCfg = Debug|Any CPU
		{B085B121-F6EC-4477-9FEB-BE4B9EABE997}.Debug|Any CPU.Build.0 = Debug|Any CPU
		{B085B121-F6EC-4477-9FEB-BE4B9EABE997}.Release|Any CPU.ActiveCfg = Release|Any CPU
		{B085B121-F6EC-4477-9FEB-BE4B9EABE997}.Release|Any CPU.Build.0 = Release|Any CPU
		{A76BE28A-69A2-48B1-8377-76E3D58216C9}.Debug|Any CPU.ActiveCfg = Debug|Any CPU
		{A76BE28A-69A2-48B1-8377-76E3D58216C9}.Debug|Any CPU.Build.0 = Debug|Any CPU
		{A76BE28A-69A2-48B1-8377-76E3D58216C9}.Release|Any CPU.ActiveCfg = Release|Any CPU
		{A76BE28A-69A2-48B1-8377-76E3D58216C9}.Release|Any CPU.Build.0 = Release|Any CPU
		{9ACB5956-1E45-4C34-AE42-1077FF2A6430}.Debug|Any CPU.ActiveCfg = Debug|Any CPU
		{9ACB5956-1E45-4C34-AE42-1077FF2A6430}.Debug|Any CPU.Build.0 = Debug|Any CPU
		{9ACB5956-1E45-4C34-AE42-1077FF2A6430}.Release|Any CPU.ActiveCfg = Release|Any CPU
		{9ACB5956-1E45-4C34-AE42-1077FF2A6430}.Release|Any CPU.Build.0 = Release|Any CPU
		{CB4AB364-BC4E-4E47-9652-A6909A20B884}.Debug|Any CPU.ActiveCfg = Debug|Any CPU
		{CB4AB364-BC4E-4E47-9652-A6909A20B884}.Debug|Any CPU.Build.0 = Debug|Any CPU
		{CB4AB364-BC4E-4E47-9652-A6909A20B884}.Release|Any CPU.ActiveCfg = Release|Any CPU
		{CB4AB364-BC4E-4E47-9652-A6909A20B884}.Release|Any CPU.Build.0 = Release|Any CPU
		{2F9F805A-7BC8-463E-B295-80C1836AE18A}.Debug|Any CPU.ActiveCfg = Debug|Any CPU
		{2F9F805A-7BC8-463E-B295-80C1836AE18A}.Debug|Any CPU.Build.0 = Debug|Any CPU
		{2F9F805A-7BC8-463E-B295-80C1836AE18A}.Release|Any CPU.ActiveCfg = Release|Any CPU
		{2F9F805A-7BC8-463E-B295-80C1836AE18A}.Release|Any CPU.Build.0 = Release|Any CPU
		{4F784A42-1A48-473F-8D40-EE283940BCDC}.Debug|Any CPU.ActiveCfg = Debug|Any CPU
		{4F784A42-1A48-473F-8D40-EE283940BCDC}.Debug|Any CPU.Build.0 = Debug|Any CPU
		{4F784A42-1A48-473F-8D40-EE283940BCDC}.Release|Any CPU.ActiveCfg = Release|Any CPU
		{4F784A42-1A48-473F-8D40-EE283940BCDC}.Release|Any CPU.Build.0 = Release|Any CPU
		{541611E4-239D-42D7-B504-8BA98ADC678D}.Debug|Any CPU.ActiveCfg = Debug|Any CPU
		{541611E4-239D-42D7-B504-8BA98ADC678D}.Debug|Any CPU.Build.0 = Debug|Any CPU
		{541611E4-239D-42D7-B504-8BA98ADC678D}.Release|Any CPU.ActiveCfg = Release|Any CPU
		{541611E4-239D-42D7-B504-8BA98ADC678D}.Release|Any CPU.Build.0 = Release|Any CPU
		{718E3788-A39D-431F-8D2D-F8E79E92FBD5}.Debug|Any CPU.ActiveCfg = Debug|Any CPU
		{718E3788-A39D-431F-8D2D-F8E79E92FBD5}.Debug|Any CPU.Build.0 = Debug|Any CPU
		{718E3788-A39D-431F-8D2D-F8E79E92FBD5}.Release|Any CPU.ActiveCfg = Release|Any CPU
		{718E3788-A39D-431F-8D2D-F8E79E92FBD5}.Release|Any CPU.Build.0 = Release|Any CPU
		{736D881C-1648-491C-9ACD-CA3A3A90F946}.Debug|Any CPU.ActiveCfg = Debug|Any CPU
		{736D881C-1648-491C-9ACD-CA3A3A90F946}.Debug|Any CPU.Build.0 = Debug|Any CPU
		{736D881C-1648-491C-9ACD-CA3A3A90F946}.Release|Any CPU.ActiveCfg = Release|Any CPU
		{736D881C-1648-491C-9ACD-CA3A3A90F946}.Release|Any CPU.Build.0 = Release|Any CPU
		{2392BFEA-7BBA-407F-8ECE-B48A526E43F3}.Debug|Any CPU.ActiveCfg = Debug|Any CPU
		{2392BFEA-7BBA-407F-8ECE-B48A526E43F3}.Debug|Any CPU.Build.0 = Debug|Any CPU
		{2392BFEA-7BBA-407F-8ECE-B48A526E43F3}.Release|Any CPU.ActiveCfg = Release|Any CPU
		{2392BFEA-7BBA-407F-8ECE-B48A526E43F3}.Release|Any CPU.Build.0 = Release|Any CPU
		{E0456879-C724-4BC0-8059-BD5F306422FB}.Debug|Any CPU.ActiveCfg = Debug|Any CPU
		{E0456879-C724-4BC0-8059-BD5F306422FB}.Debug|Any CPU.Build.0 = Debug|Any CPU
		{E0456879-C724-4BC0-8059-BD5F306422FB}.Release|Any CPU.ActiveCfg = Release|Any CPU
		{E0456879-C724-4BC0-8059-BD5F306422FB}.Release|Any CPU.Build.0 = Release|Any CPU
		{E8B2D69B-A2E1-4D3F-AB6F-1E36277B5195}.Debug|Any CPU.ActiveCfg = Debug|Any CPU
		{E8B2D69B-A2E1-4D3F-AB6F-1E36277B5195}.Debug|Any CPU.Build.0 = Debug|Any CPU
		{E8B2D69B-A2E1-4D3F-AB6F-1E36277B5195}.Release|Any CPU.ActiveCfg = Release|Any CPU
		{E8B2D69B-A2E1-4D3F-AB6F-1E36277B5195}.Release|Any CPU.Build.0 = Release|Any CPU
		{250FC818-106A-492B-A97E-18360BE870F0}.Debug|Any CPU.ActiveCfg = Debug|Any CPU
		{250FC818-106A-492B-A97E-18360BE870F0}.Debug|Any CPU.Build.0 = Debug|Any CPU
		{250FC818-106A-492B-A97E-18360BE870F0}.Release|Any CPU.ActiveCfg = Release|Any CPU
		{250FC818-106A-492B-A97E-18360BE870F0}.Release|Any CPU.Build.0 = Release|Any CPU
		{B1A2E071-559A-4813-A177-C0A88F0AB42C}.Debug|Any CPU.ActiveCfg = Debug|Any CPU
		{B1A2E071-559A-4813-A177-C0A88F0AB42C}.Debug|Any CPU.Build.0 = Debug|Any CPU
		{B1A2E071-559A-4813-A177-C0A88F0AB42C}.Release|Any CPU.ActiveCfg = Release|Any CPU
		{B1A2E071-559A-4813-A177-C0A88F0AB42C}.Release|Any CPU.Build.0 = Release|Any CPU
	EndGlobalSection
	GlobalSection(SolutionProperties) = preSolution
		HideSolutionNode = FALSE
	EndGlobalSection
	GlobalSection(ExtensibilityGlobals) = postSolution
		SolutionGuid = {05DD72C3-143B-4784-9D6B-A909C0A5D977}
	EndGlobalSection
EndGlobal
